# THIS IS AN AUTOGENERATED FILE. DO NOT EDIT THIS FILE DIRECTLY.
# yarn lockfile v1


"@actnowcoalition/assert@^0.1.0":
  version "0.1.1"
  resolved "https://registry.yarnpkg.com/@actnowcoalition/assert/-/assert-0.1.1.tgz#9552f6648405db8ed91cb0d8289bfe66e80e67ac"
  integrity sha512-rY1hrrBsiWqtCjYBDB9SUTXWpezsQy9gjegR4wmgIblmOmeqNaihKex8FBtyhWWiqaBd4syLaBbO6GTjdy4LCQ==

"@actnowcoalition/number-format@^0.1.0":
  version "0.1.0"
  resolved "https://registry.yarnpkg.com/@actnowcoalition/number-format/-/number-format-0.1.0.tgz#0d6bf419c6e9f5622fe8cde7940f68ea0fdb5320"
  integrity sha512-BTdtEEqgV0zRk6sj2E/XU5j7tSiR/cE0sOVmISGW9pz58WNLVcFraIUH5XSArfzh7WLnWlsh5N+rJDgUoVsG/A==

"@actnowcoalition/regions@^0.1.0":
  version "0.1.0"
  resolved "https://registry.yarnpkg.com/@actnowcoalition/regions/-/regions-0.1.0.tgz#4dba709a76cd3213222a5e9e0dfdaa83afa5c308"
  integrity sha512-9DwFMXdGBFeW6JrW+bi6hiLIcyxcxOM01+3sube2r6KgHglc0c+V6M6PP2jr18nVK7H+ZU1DQ6hEwUJKYWw80w==
  dependencies:
    "@actnowcoalition/assert" "^0.1.0"
    lodash "^4.17.21"

"@actnowcoalition/time-utils@^0.1.0":
  version "0.1.0"
  resolved "https://registry.yarnpkg.com/@actnowcoalition/time-utils/-/time-utils-0.1.0.tgz#30f4869fb167b7d3c7ce65e96480e3c3b3712d02"
  integrity sha512-UrJ0l0CL4yO3qj/0sZlg7Vx+py1QWQSmvoHSdC9WaRzG2MP1i0ijpLGTSxMFjoTqSvwQO0MF2T0VjlR031q8+A==
  dependencies:
    "@actnowcoalition/assert" "^0.1.0"
    "@types/luxon" "^2.3.2"
    luxon "^2.4.0"

"@types/lodash@^4.14.182":
  version "4.14.182"
  resolved "https://registry.yarnpkg.com/@types/lodash/-/lodash-4.14.182.tgz#05301a4d5e62963227eaafe0ce04dd77c54ea5c2"
  integrity sha512-/THyiqyQAP9AfARo4pF+aCGcyiQ94tX/Is2I7HofNRqoYLgN1PBoOWu2/zTA5zMxzP5EFutMtWtGAFRKUe961Q==

"@types/luxon@^2.3.2":
  version "2.4.0"
  resolved "https://registry.yarnpkg.com/@types/luxon/-/luxon-2.4.0.tgz#897d3abc23b68d78b69d76a12c21e01eb5adab95"
  integrity sha512-oCavjEjRXuR6URJEtQm0eBdfsBiEcGBZbq21of8iGkeKxU1+1xgKuFPClaBZl2KB8ZZBSWlgk61tH6Mf+nvZVw==

"@types/node@*":
  version "18.7.6"
  resolved "https://registry.yarnpkg.com/@types/node/-/node-18.7.6.tgz#31743bc5772b6ac223845e18c3fc26f042713c83"
  integrity sha512-EdxgKRXgYsNITy5mjjXjVE/CS8YENSdhiagGrLqjG0pvA2owgJ6i4l7wy/PFZGC0B1/H20lWKN7ONVDNYDZm7A==

"@types/papaparse@^5.3.3":
  version "5.3.3"
  resolved "https://registry.yarnpkg.com/@types/papaparse/-/papaparse-5.3.3.tgz#59c4db7efcb5ecbca18ba0e6f6d62b3949f35ed0"
  integrity sha512-i7fV8u843vb7nIGpcwdCsG3WjfBONeytRHK1mQL9d5KQAvFeAK2rRisDHicreYpoQ0MXocUDEqunKHTeXdvibg==
  dependencies:
    "@types/node" "*"

lodash@^4.17.21:
  version "4.17.21"
  resolved "https://registry.yarnpkg.com/lodash/-/lodash-4.17.21.tgz#679591c564c3bffaae8454cf0b3df370c3d6911c"
  integrity sha512-v2kDEe57lecTulaDIuNTPy3Ry4gLGJ6Z1O3vE1krgXZNrsQ+LFTGHVxVjcXPs17LhbZVGedAJv8XZ1tvj5FvSg==

luxon@^2.4.0:
  version "2.5.0"
  resolved "https://registry.yarnpkg.com/luxon/-/luxon-2.5.0.tgz#098090f67d690b247e83c090267a60b1aa8ea96c"
  integrity sha512-IDkEPB80Rb6gCAU+FEib0t4FeJ4uVOuX1CQ9GsvU3O+JAGIgu0J7sf1OarXKaKDygTZIoJyU6YdZzTFRu+YR0A==

node-fetch@^2.6.7:
  version "2.6.7"
  resolved "https://registry.yarnpkg.com/node-fetch/-/node-fetch-2.6.7.tgz#24de9fba827e3b4ae44dc8b20256a379160052ad"
  integrity sha512-ZjMPFEfVx5j+y2yF35Kzx5sF7kDzxuDj6ziH4FFbOp87zKDZNx8yExJIb05OGF4Nlt9IHFIMBkRl41VdvcNdbQ==
  dependencies:
    whatwg-url "^5.0.0"

papaparse@^5.3.2:
  version "5.3.2"
  resolved "https://registry.yarnpkg.com/papaparse/-/papaparse-5.3.2.tgz#d1abed498a0ee299f103130a6109720404fbd467"
  integrity sha512-6dNZu0Ki+gyV0eBsFKJhYr+MdQYAzFUGlBMNj3GNrmHxmz1lfRa24CjFObPXtjcetlOv5Ad299MhIK0znp3afw==

tr46@~0.0.3:
  version "0.0.3"
  resolved "https://registry.yarnpkg.com/tr46/-/tr46-0.0.3.tgz#8184fd347dac9cdc185992f3a6622e14b9d9ab6a"
  integrity sha512-N3WMsuqV66lT30CrXNbEjx4GEwlow3v6rr4mCcv6prnfwhS01rkgyFdjPNBYd9br7LpXV1+Emh01fHnq2Gdgrw==

typescript@^4.6.4:
  version "4.7.4"
  resolved "https://registry.yarnpkg.com/typescript/-/typescript-4.7.4.tgz#1a88596d1cf47d59507a1bcdfb5b9dfe4d488235"
  integrity sha512-C0WQT0gezHuw6AdY1M2jxUO83Rjf0HP7Sk1DtXj6j1EwkQNZrHAg2XPWlq62oqEhYvONq5pkC2Y9oPljWToLmQ==

webidl-conversions@^3.0.0:
  version "3.0.1"
  resolved "https://registry.yarnpkg.com/webidl-conversions/-/webidl-conversions-3.0.1.tgz#24534275e2a7bc6be7bc86611cc16ae0a5654871"
  integrity sha512-2JAn3z8AR6rjK8Sm8orRC0h/bcl/DqL7tRPdGZ4I1CjdF+EaMLmYxBHyXuKL849eucPFhvBoxMsflfOb8kxaeQ==

whatwg-url@^5.0.0:
  version "5.0.0"
  resolved "https://registry.yarnpkg.com/whatwg-url/-/whatwg-url-5.0.0.tgz#966454e8765462e37644d3626f6742ce8b70965d"
  integrity sha512-saE57nupxk6v3HY35+jzBwYa0rKSy0XR8JSxZPwgLr7ys0IBzhGviA1/TUGJLmSVqs8pb9AnvICXEuOHLprYTw==
  dependencies:
    tr46 "~0.0.3"
    webidl-conversions "^3.0.0"
