# THIS IS AN AUTOGENERATED FILE. DO NOT EDIT THIS FILE DIRECTLY.
# yarn lockfile v1


"@actnowcoalition/assert@^0.1.0":
  version "0.1.1"
  resolved "https://registry.yarnpkg.com/@actnowcoalition/assert/-/assert-0.1.1.tgz#9552f6648405db8ed91cb0d8289bfe66e80e67ac"
  integrity sha512-rY1hrrBsiWqtCjYBDB9SUTXWpezsQy9gjegR4wmgIblmOmeqNaihKex8FBtyhWWiqaBd4syLaBbO6GTjdy4LCQ==

"@types/luxon@^2.3.2":
  version "2.3.2"
  resolved "https://registry.yarnpkg.com/@types/luxon/-/luxon-2.3.2.tgz#8a3f2cdd4858ce698b56cd8597d9243b8e9d3c65"
  integrity sha512-WOehptuhKIXukSUUkRgGbj2c997Uv/iUgYgII8U7XLJqq9W2oF0kQ6frEznRQbdurioz+L/cdaIm4GutTQfgmA==

luxon@^2.4.0:
  version "2.5.2"
  resolved "https://registry.yarnpkg.com/luxon/-/luxon-2.5.2.tgz#17ed497f0277e72d58a4756d6a9abee4681457b6"
  integrity sha512-Yg7/RDp4nedqmLgyH0LwgGRvMEKVzKbUdkBYyCosbHgJ+kaOUx0qzSiSatVc3DFygnirTPYnMM2P5dg2uH1WvA==

typescript@^4.6.4:
  version "4.7.2"
  resolved "https://registry.yarnpkg.com/typescript/-/typescript-4.7.2.tgz#1f9aa2ceb9af87cca227813b4310fff0b51593c4"
  integrity sha512-Mamb1iX2FDUpcTRzltPxgWMKy3fhg0TN378ylbktPGPK/99KbDtMQ4W1hwgsbPAsG3a0xKa1vmw4VKZQbkvz5A==
