# THIS IS AN AUTOGENERATED FILE. DO NOT EDIT THIS FILE DIRECTLY.
# yarn lockfile v1


"@actnowcoalition/assert@^0.1.0":
  version "0.1.1"
  resolved "https://registry.yarnpkg.com/@actnowcoalition/assert/-/assert-0.1.1.tgz#9552f6648405db8ed91cb0d8289bfe66e80e67ac"
  integrity sha512-rY1hrrBsiWqtCjYBDB9SUTXWpezsQy9gjegR4wmgIblmOmeqNaihKex8FBtyhWWiqaBd4syLaBbO6GTjdy4LCQ==

"@types/luxon@^2.3.2":
  version "2.3.2"
  resolved "https://registry.yarnpkg.com/@types/luxon/-/luxon-2.3.2.tgz#8a3f2cdd4858ce698b56cd8597d9243b8e9d3c65"
  integrity sha512-WOehptuhKIXukSUUkRgGbj2c997Uv/iUgYgII8U7XLJqq9W2oF0kQ6frEznRQbdurioz+L/cdaIm4GutTQfgmA==

luxon@^2.4.0:
  version "2.4.0"
  resolved "https://registry.yarnpkg.com/luxon/-/luxon-2.4.0.tgz#9435806545bb32d4234dab766ab8a3d54847a765"
  integrity sha512-w+NAwWOUL5hO0SgwOHsMBAmZ15SoknmQXhSO0hIbJCAmPKSsGeK8MlmhYh2w6Iib38IxN2M+/ooXWLbeis7GuA==

typescript@^4.9.4:
  version "4.9.4"
  resolved "https://registry.yarnpkg.com/typescript/-/typescript-4.9.4.tgz#a2a3d2756c079abda241d75f149df9d561091e78"
  integrity sha512-Uz+dTXYzxXXbsFpM86Wh3dKCxrQqUcVMxwU54orwlJjOpO3ao8L7j5lH+dWfTwgCwIuM9GQ2kvVotzYJMXTBZg==
