# THIS IS AN AUTOGENERATED FILE. DO NOT EDIT THIS FILE DIRECTLY.
# yarn lockfile v1


"@actnowcoalition/assert@^0.1.2":
  version "0.1.2"
  resolved "https://registry.yarnpkg.com/@actnowcoalition/assert/-/assert-0.1.2.tgz#87f8d5e6e18194340d0101a2406b2b80b7ad56eb"
  integrity sha512-qseONebB+hBZbu4kgLh9Cv8p9DUQsIONChd9t2J6QdNS2NLjuItK1pXmjODTE31gKzsPIW42DL3KvUD7PS4YFw==

"@types/luxon@^2.3.2":
  version "2.4.0"
  resolved "https://registry.yarnpkg.com/@types/luxon/-/luxon-2.4.0.tgz#897d3abc23b68d78b69d76a12c21e01eb5adab95"
  integrity sha512-oCavjEjRXuR6URJEtQm0eBdfsBiEcGBZbq21of8iGkeKxU1+1xgKuFPClaBZl2KB8ZZBSWlgk61tH6Mf+nvZVw==

luxon@^2.4.0:
  version "2.5.2"
  resolved "https://registry.yarnpkg.com/luxon/-/luxon-2.5.2.tgz#17ed497f0277e72d58a4756d6a9abee4681457b6"
  integrity sha512-Yg7/RDp4nedqmLgyH0LwgGRvMEKVzKbUdkBYyCosbHgJ+kaOUx0qzSiSatVc3DFygnirTPYnMM2P5dg2uH1WvA==

typescript@^4.9.4:
  version "4.9.4"
  resolved "https://registry.yarnpkg.com/typescript/-/typescript-4.9.4.tgz#a2a3d2756c079abda241d75f149df9d561091e78"
  integrity sha512-Uz+dTXYzxXXbsFpM86Wh3dKCxrQqUcVMxwU54orwlJjOpO3ao8L7j5lH+dWfTwgCwIuM9GQ2kvVotzYJMXTBZg==
